// !$*UTF8*$!
{
	archiveVersion = 1;
	classes = {
	};
	objectVersion = 46;
	objects = {

/* Begin PBXBuildFile section */
		A4C2ED8819B6FF0F00D250A7 /* Foundation.framework in Frameworks */ = {isa = PBXBuildFile; fileRef = A4C2ED8719B6FF0F00D250A7 /* Foundation.framework */; };
		A4C2ED8A19B6FF0F00D250A7 /* CoreGraphics.framework in Frameworks */ = {isa = PBXBuildFile; fileRef = A4C2ED8919B6FF0F00D250A7 /* CoreGraphics.framework */; };
		A4C2ED8C19B6FF0F00D250A7 /* UIKit.framework in Frameworks */ = {isa = PBXBuildFile; fileRef = A4C2ED8B19B6FF0F00D250A7 /* UIKit.framework */; };
		A4C2ED9219B6FF0F00D250A7 /* InfoPlist.strings in Resources */ = {isa = PBXBuildFile; fileRef = A4C2ED9019B6FF0F00D250A7 /* InfoPlist.strings */; };
		A4C2ED9419B6FF0F00D250A7 /* main.m in Sources */ = {isa = PBXBuildFile; fileRef = A4C2ED9319B6FF0F00D250A7 /* main.m */; };
		A4C2ED9819B6FF0F00D250A7 /* XWAppDelegate.m in Sources */ = {isa = PBXBuildFile; fileRef = A4C2ED9719B6FF0F00D250A7 /* XWAppDelegate.m */; };
		A4C2ED9B19B6FF0F00D250A7 /* Main.storyboard in Resources */ = {isa = PBXBuildFile; fileRef = A4C2ED9919B6FF0F00D250A7 /* Main.storyboard */; };
		A4C2ED9E19B6FF0F00D250A7 /* XWViewController.m in Sources */ = {isa = PBXBuildFile; fileRef = A4C2ED9D19B6FF0F00D250A7 /* XWViewController.m */; };
		A4C2EDA019B6FF0F00D250A7 /* Images.xcassets in Resources */ = {isa = PBXBuildFile; fileRef = A4C2ED9F19B6FF0F00D250A7 /* Images.xcassets */; };
		A4C2EDA719B6FF0F00D250A7 /* XCTest.framework in Frameworks */ = {isa = PBXBuildFile; fileRef = A4C2EDA619B6FF0F00D250A7 /* XCTest.framework */; };
		A4C2EDA819B6FF0F00D250A7 /* Foundation.framework in Frameworks */ = {isa = PBXBuildFile; fileRef = A4C2ED8719B6FF0F00D250A7 /* Foundation.framework */; };
		A4C2EDA919B6FF0F00D250A7 /* UIKit.framework in Frameworks */ = {isa = PBXBuildFile; fileRef = A4C2ED8B19B6FF0F00D250A7 /* UIKit.framework */; };
		A4C2EDB119B6FF0F00D250A7 /* InfoPlist.strings in Resources */ = {isa = PBXBuildFile; fileRef = A4C2EDAF19B6FF0F00D250A7 /* InfoPlist.strings */; };
		A4C2EDB319B6FF0F00D250A7 /* BullseyeTests.m in Sources */ = {isa = PBXBuildFile; fileRef = A4C2EDB219B6FF0F00D250A7 /* BullseyeTests.m */; };
/* End PBXBuildFile section */

/* Begin PBXContainerItemProxy section */
		A4C2EDAA19B6FF0F00D250A7 /* PBXContainerItemProxy */ = {
			isa = PBXContainerItemProxy;
			containerPortal = A4C2ED7C19B6FF0F00D250A7 /* Project object */;
			proxyType = 1;
			remoteGlobalIDString = A4C2ED8319B6FF0F00D250A7;
			remoteInfo = Bullseye;
		};
/* End PBXContainerItemProxy section */

/* Begin PBXFileReference section */
		A4C2ED8419B6FF0F00D250A7 /* Bullseye.app */ = {isa = PBXFileReference; explicitFileType = wrapper.application; includeInIndex = 0; path = Bullseye.app; sourceTree = BUILT_PRODUCTS_DIR; };
		A4C2ED8719B6FF0F00D250A7 /* Foundation.framework */ = {isa = PBXFileReference; lastKnownFileType = wrapper.framework; name = Foundation.framework; path = System/Library/Frameworks/Foundation.framework; sourceTree = SDKROOT; };
		A4C2ED8919B6FF0F00D250A7 /* CoreGraphics.framework */ = {isa = PBXFileReference; lastKnownFileType = wrapper.framework; name = CoreGraphics.framework; path = System/Library/Frameworks/CoreGraphics.framework; sourceTree = SDKROOT; };
		A4C2ED8B19B6FF0F00D250A7 /* UIKit.framework */ = {isa = PBXFileReference; lastKnownFileType = wrapper.framework; name = UIKit.framework; path = System/Library/Frameworks/UIKit.framework; sourceTree = SDKROOT; };
		A4C2ED8F19B6FF0F00D250A7 /* Bullseye-Info.plist */ = {isa = PBXFileReference; lastKnownFileType = text.plist.xml; path = "Bullseye-Info.plist"; sourceTree = "<group>"; };
		A4C2ED9119B6FF0F00D250A7 /* en */ = {isa = PBXFileReference; lastKnownFileType = text.plist.strings; name = en; path = en.lproj/InfoPlist.strings; sourceTree = "<group>"; };
		A4C2ED9319B6FF0F00D250A7 /* main.m */ = {isa = PBXFileReference; lastKnownFileType = sourcecode.c.objc; path = main.m; sourceTree = "<group>"; };
		A4C2ED9519B6FF0F00D250A7 /* Bullseye-Prefix.pch */ = {isa = PBXFileReference; lastKnownFileType = sourcecode.c.h; path = "Bullseye-Prefix.pch"; sourceTree = "<group>"; };
		A4C2ED9619B6FF0F00D250A7 /* XWAppDelegate.h */ = {isa = PBXFileReference; lastKnownFileType = sourcecode.c.h; path = XWAppDelegate.h; sourceTree = "<group>"; };
		A4C2ED9719B6FF0F00D250A7 /* XWAppDelegate.m */ = {isa = PBXFileReference; lastKnownFileType = sourcecode.c.objc; path = XWAppDelegate.m; sourceTree = "<group>"; };
		A4C2ED9A19B6FF0F00D250A7 /* Base */ = {isa = PBXFileReference; lastKnownFileType = file.storyboard; name = Base; path = Base.lproj/Main.storyboard; sourceTree = "<group>"; };
		A4C2ED9C19B6FF0F00D250A7 /* XWViewController.h */ = {isa = PBXFileReference; lastKnownFileType = sourcecode.c.h; path = XWViewController.h; sourceTree = "<group>"; };
		A4C2ED9D19B6FF0F00D250A7 /* XWViewController.m */ = {isa = PBXFileReference; lastKnownFileType = sourcecode.c.objc; path = XWViewController.m; sourceTree = "<group>"; };
		A4C2ED9F19B6FF0F00D250A7 /* Images.xcassets */ = {isa = PBXFileReference; lastKnownFileType = folder.assetcatalog; path = Images.xcassets; sourceTree = "<group>"; };
		A4C2EDA519B6FF0F00D250A7 /* BullseyeTests.xctest */ = {isa = PBXFileReference; explicitFileType = wrapper.cfbundle; includeInIndex = 0; path = BullseyeTests.xctest; sourceTree = BUILT_PRODUCTS_DIR; };
		A4C2EDA619B6FF0F00D250A7 /* XCTest.framework */ = {isa = PBXFileReference; lastKnownFileType = wrapper.framework; name = XCTest.framework; path = Library/Frameworks/XCTest.framework; sourceTree = DEVELOPER_DIR; };
		A4C2EDAE19B6FF0F00D250A7 /* BullseyeTests-Info.plist */ = {isa = PBXFileReference; lastKnownFileType = text.plist.xml; path = "BullseyeTests-Info.plist"; sourceTree = "<group>"; };
		A4C2EDB019B6FF0F00D250A7 /* en */ = {isa = PBXFileReference; lastKnownFileType = text.plist.strings; name = en; path = en.lproj/InfoPlist.strings; sourceTree = "<group>"; };
		A4C2EDB219B6FF0F00D250A7 /* BullseyeTests.m */ = {isa = PBXFileReference; lastKnownFileType = sourcecode.c.objc; path = BullseyeTests.m; sourceTree = "<group>"; };
/* End PBXFileReference section */

/* Begin PBXFrameworksBuildPhase section */
		A4C2ED8119B6FF0F00D250A7 /* Frameworks */ = {
			isa = PBXFrameworksBuildPhase;
			buildActionMask = 2147483647;
			files = (
				A4C2ED8A19B6FF0F00D250A7 /* CoreGraphics.framework in Frameworks */,
				A4C2ED8C19B6FF0F00D250A7 /* UIKit.framework in Frameworks */,
				A4C2ED8819B6FF0F00D250A7 /* Foundation.framework in Frameworks */,
			);
			runOnlyForDeploymentPostprocessing = 0;
		};
		A4C2EDA219B6FF0F00D250A7 /* Frameworks */ = {
			isa = PBXFrameworksBuildPhase;
			buildActionMask = 2147483647;
			files = (
				A4C2EDA719B6FF0F00D250A7 /* XCTest.framework in Frameworks */,
				A4C2EDA919B6FF0F00D250A7 /* UIKit.framework in Frameworks */,
				A4C2EDA819B6FF0F00D250A7 /* Foundation.framework in Frameworks */,
			);
			runOnlyForDeploymentPostprocessing = 0;
		};
/* End PBXFrameworksBuildPhase section */

/* Begin PBXGroup section */
		A4C2ED7B19B6FF0F00D250A7 = {
			isa = PBXGroup;
			children = (
				A4C2ED8D19B6FF0F00D250A7 /* Bullseye */,
				A4C2EDAC19B6FF0F00D250A7 /* BullseyeTests */,
				A4C2ED8619B6FF0F00D250A7 /* Frameworks */,
				A4C2ED8519B6FF0F00D250A7 /* Products */,
			);
			sourceTree = "<group>";
		};
		A4C2ED8519B6FF0F00D250A7 /* Products */ = {
			isa = PBXGroup;
			children = (
				A4C2ED8419B6FF0F00D250A7 /* Bullseye.app */,
				A4C2EDA519B6FF0F00D250A7 /* BullseyeTests.xctest */,
			);
			name = Products;
			sourceTree = "<group>";
		};
		A4C2ED8619B6FF0F00D250A7 /* Frameworks */ = {
			isa = PBXGroup;
			children = (
				A4C2ED8719B6FF0F00D250A7 /* Foundation.framework */,
				A4C2ED8919B6FF0F00D250A7 /* CoreGraphics.framework */,
				A4C2ED8B19B6FF0F00D250A7 /* UIKit.framework */,
				A4C2EDA619B6FF0F00D250A7 /* XCTest.framework */,
			);
			name = Frameworks;
			sourceTree = "<group>";
		};
		A4C2ED8D19B6FF0F00D250A7 /* Bullseye */ = {
			isa = PBXGroup;
			children = (
				A4C2ED9619B6FF0F00D250A7 /* XWAppDelegate.h */,
				A4C2ED9719B6FF0F00D250A7 /* XWAppDelegate.m */,
				A4C2ED9919B6FF0F00D250A7 /* Main.storyboard */,
				A4C2ED9C19B6FF0F00D250A7 /* XWViewController.h */,
				A4C2ED9D19B6FF0F00D250A7 /* XWViewController.m */,
				A4C2ED9F19B6FF0F00D250A7 /* Images.xcassets */,
				A4C2ED8E19B6FF0F00D250A7 /* Supporting Files */,
			);
			path = Bullseye;
			sourceTree = "<group>";
		};
		A4C2ED8E19B6FF0F00D250A7 /* Supporting Files */ = {
			isa = PBXGroup;
			children = (
				A4C2ED8F19B6FF0F00D250A7 /* Bullseye-Info.plist */,
				A4C2ED9019B6FF0F00D250A7 /* InfoPlist.strings */,
				A4C2ED9319B6FF0F00D250A7 /* main.m */,
				A4C2ED9519B6FF0F00D250A7 /* Bullseye-Prefix.pch */,
			);
			name = "Supporting Files";
			sourceTree = "<group>";
		};
		A4C2EDAC19B6FF0F00D250A7 /* BullseyeTests */ = {
			isa = PBXGroup;
			children = (
				A4C2EDB219B6FF0F00D250A7 /* BullseyeTests.m */,
				A4C2EDAD19B6FF0F00D250A7 /* Supporting Files */,
			);
			path = BullseyeTests;
			sourceTree = "<group>";
		};
		A4C2EDAD19B6FF0F00D250A7 /* Supporting Files */ = {
			isa = PBXGroup;
			children = (
				A4C2EDAE19B6FF0F00D250A7 /* BullseyeTests-Info.plist */,
				A4C2EDAF19B6FF0F00D250A7 /* InfoPlist.strings */,
			);
			name = "Supporting Files";
			sourceTree = "<group>";
		};
/* End PBXGroup section */

/* Begin PBXNativeTarget section */
		A4C2ED8319B6FF0F00D250A7 /* Bullseye */ = {
			isa = PBXNativeTarget;
			buildConfigurationList = A4C2EDB619B6FF0F00D250A7 /* Build configuration list for PBXNativeTarget "Bullseye" */;
			buildPhases = (
				A4C2ED8019B6FF0F00D250A7 /* Sources */,
				A4C2ED8119B6FF0F00D250A7 /* Frameworks */,
				A4C2ED8219B6FF0F00D250A7 /* Resources */,
			);
			buildRules = (
			);
			dependencies = (
			);
			name = Bullseye;
			productName = Bullseye;
			productReference = A4C2ED8419B6FF0F00D250A7 /* Bullseye.app */;
			productType = "com.apple.product-type.application";
		};
		A4C2EDA419B6FF0F00D250A7 /* BullseyeTests */ = {
			isa = PBXNativeTarget;
			buildConfigurationList = A4C2EDB919B6FF0F00D250A7 /* Build configuration list for PBXNativeTarget "BullseyeTests" */;
			buildPhases = (
				A4C2EDA119B6FF0F00D250A7 /* Sources */,
				A4C2EDA219B6FF0F00D250A7 /* Frameworks */,
				A4C2EDA319B6FF0F00D250A7 /* Resources */,
			);
			buildRules = (
			);
			dependencies = (
				A4C2EDAB19B6FF0F00D250A7 /* PBXTargetDependency */,
			);
			name = BullseyeTests;
			productName = BullseyeTests;
			productReference = A4C2EDA519B6FF0F00D250A7 /* BullseyeTests.xctest */;
			productType = "com.apple.product-type.bundle.unit-test";
		};
/* End PBXNativeTarget section */

/* Begin PBXProject section */
		A4C2ED7C19B6FF0F00D250A7 /* Project object */ = {
			isa = PBXProject;
			attributes = {
				CLASSPREFIX = XW;
				LastUpgradeCheck = 0510;
				ORGANIZATIONNAME = "Wang Xiaotian";
				TargetAttributes = {
					A4C2EDA419B6FF0F00D250A7 = {
						TestTargetID = A4C2ED8319B6FF0F00D250A7;
					};
				};
			};
			buildConfigurationList = A4C2ED7F19B6FF0F00D250A7 /* Build configuration list for PBXProject "Bullseye" */;
			compatibilityVersion = "Xcode 3.2";
			developmentRegion = English;
			hasScannedForEncodings = 0;
			knownRegions = (
				en,
				Base,
			);
			mainGroup = A4C2ED7B19B6FF0F00D250A7;
			productRefGroup = A4C2ED8519B6FF0F00D250A7 /* Products */;
			projectDirPath = "";
			projectRoot = "";
			targets = (
				A4C2ED8319B6FF0F00D250A7 /* Bullseye */,
				A4C2EDA419B6FF0F00D250A7 /* BullseyeTests */,
			);
		};
/* End PBXProject section */

/* Begin PBXResourcesBuildPhase section */
		A4C2ED8219B6FF0F00D250A7 /* Resources */ = {
			isa = PBXResourcesBuildPhase;
			buildActionMask = 2147483647;
			files = (
				A4C2EDA019B6FF0F00D250A7 /* Images.xcassets in Resources */,
				A4C2ED9219B6FF0F00D250A7 /* InfoPlist.strings in Resources */,
				A4C2ED9B19B6FF0F00D250A7 /* Main.storyboard in Resources */,
			);
			runOnlyForDeploymentPostprocessing = 0;
		};
		A4C2EDA319B6FF0F00D250A7 /* Resources */ = {
			isa = PBXResourcesBuildPhase;
			buildActionMask = 2147483647;
			files = (
				A4C2EDB119B6FF0F00D250A7 /* InfoPlist.strings in Resources */,
			);
			runOnlyForDeploymentPostprocessing = 0;
		};
/* End PBXResourcesBuildPhase section */

/* Begin PBXSourcesBuildPhase section */
		A4C2ED8019B6FF0F00D250A7 /* Sources */ = {
			isa = PBXSourcesBuildPhase;
			buildActionMask = 2147483647;
			files = (
				A4C2ED9419B6FF0F00D250A7 /* main.m in Sources */,
				A4C2ED9E19B6FF0F00D250A7 /* XWViewController.m in Sources */,
				A4C2ED9819B6FF0F00D250A7 /* XWAppDelegate.m in Sources */,
			);
			runOnlyForDeploymentPostprocessing = 0;
		};
		A4C2EDA119B6FF0F00D250A7 /* Sources */ = {
			isa = PBXSourcesBuildPhase;
			buildActionMask = 2147483647;
			files = (
				A4C2EDB319B6FF0F00D250A7 /* BullseyeTests.m in Sources */,
			);
			runOnlyForDeploymentPostprocessing = 0;
		};
/* End PBXSourcesBuildPhase section */

/* Begin PBXTargetDependency section */
		A4C2EDAB19B6FF0F00D250A7 /* PBXTargetDependency */ = {
			isa = PBXTargetDependency;
			target = A4C2ED8319B6FF0F00D250A7 /* Bullseye */;
			targetProxy = A4C2EDAA19B6FF0F00D250A7 /* PBXContainerItemProxy */;
		};
/* End PBXTargetDependency section */

/* Begin PBXVariantGroup section */
		A4C2ED9019B6FF0F00D250A7 /* InfoPlist.strings */ = {
			isa = PBXVariantGroup;
			children = (
				A4C2ED9119B6FF0F00D250A7 /* en */,
			);
			name = InfoPlist.strings;
			sourceTree = "<group>";
		};
		A4C2ED9919B6FF0F00D250A7 /* Main.storyboard */ = {
			isa = PBXVariantGroup;
			children = (
				A4C2ED9A19B6FF0F00D250A7 /* Base */,
			);
			name = Main.storyboard;
			sourceTree = "<group>";
		};
		A4C2EDAF19B6FF0F00D250A7 /* InfoPlist.strings */ = {
			isa = PBXVariantGroup;
			children = (
				A4C2EDB019B6FF0F00D250A7 /* en */,
			);
			name = InfoPlist.strings;
			sourceTree = "<group>";
		};
/* End PBXVariantGroup section */

/* Begin XCBuildConfiguration section */
		A4C2EDB419B6FF0F00D250A7 /* Debug */ = {
			isa = XCBuildConfiguration;
			buildSettings = {
				ALWAYS_SEARCH_USER_PATHS = NO;
				CLANG_CXX_LANGUAGE_STANDARD = "gnu++0x";
				CLANG_CXX_LIBRARY = "libc++";
				CLANG_ENABLE_MODULES = YES;
				CLANG_ENABLE_OBJC_ARC = YES;
				CLANG_WARN_BOOL_CONVERSION = YES;
				CLANG_WARN_CONSTANT_CONVERSION = YES;
				CLANG_WARN_DIRECT_OBJC_ISA_USAGE = YES_ERROR;
				CLANG_WARN_EMPTY_BODY = YES;
				CLANG_WARN_ENUM_CONVERSION = YES;
				CLANG_WARN_INT_CONVERSION = YES;
				CLANG_WARN_OBJC_ROOT_CLASS = YES_ERROR;
				CLANG_WARN__DUPLICATE_METHOD_MATCH = YES;
				"CODE_SIGN_IDENTITY[sdk=iphoneos*]" = "iPhone Developer";
				COPY_PHASE_STRIP = NO;
				GCC_C_LANGUAGE_STANDARD = gnu99;
				GCC_DYNAMIC_NO_PIC = NO;
				GCC_OPTIMIZATION_LEVEL = 0;
				GCC_PREPROCESSOR_DEFINITIONS = (
					"DEBUG=1",
					"$(inherited)",
				);
				GCC_SYMBOLS_PRIVATE_EXTERN = NO;
				GCC_WARN_64_TO_32_BIT_CONVERSION = YES;
				GCC_WARN_ABOUT_RETURN_TYPE = YES_ERROR;
				GCC_WARN_UNDECLARED_SELECTOR = YES;
				GCC_WARN_UNINITIALIZED_AUTOS = YES_AGGRESSIVE;
				GCC_WARN_UNUSED_FUNCTION = YES;
				GCC_WARN_UNUSED_VARIABLE = YES;
				IPHONEOS_DEPLOYMENT_TARGET = 7.1;
				ONLY_ACTIVE_ARCH = YES;
				SDKROOT = iphoneos;
			};
			name = Debug;
		};
		A4C2EDB519B6FF0F00D250A7 /* Release */ = {
			isa = XCBuildConfiguration;
			buildSettings = {
				ALWAYS_SEARCH_USER_PATHS = NO;
				CLANG_CXX_LANGUAGE_STANDARD = "gnu++0x";
				CLANG_CXX_LIBRARY = "libc++";
				CLANG_ENABLE_MODULES = YES;
				CLANG_ENABLE_OBJC_ARC = YES;
				CLANG_WARN_BOOL_CONVERSION = YES;
				CLANG_WARN_CONSTANT_CONVERSION = YES;
				CLANG_WARN_DIRECT_OBJC_ISA_USAGE = YES_ERROR;
				CLANG_WARN_EMPTY_BODY = YES;
				CLANG_WARN_ENUM_CONVERSION = YES;
				CLANG_WARN_INT_CONVERSION = YES;
				CLANG_WARN_OBJC_ROOT_CLASS = YES_ERROR;
				CLANG_WARN__DUPLICATE_METHOD_MATCH = YES;
				"CODE_SIGN_IDENTITY[sdk=iphoneos*]" = "iPhone Developer";
				COPY_PHASE_STRIP = YES;
				ENABLE_NS_ASSERTIONS = NO;
				GCC_C_LANGUAGE_STANDARD = gnu99;
				GCC_WARN_64_TO_32_BIT_CONVERSION = YES;
				GCC_WARN_ABOUT_RETURN_TYPE = YES_ERROR;
				GCC_WARN_UNDECLARED_SELECTOR = YES;
				GCC_WARN_UNINITIALIZED_AUTOS = YES_AGGRESSIVE;
				GCC_WARN_UNUSED_FUNCTION = YES;
				GCC_WARN_UNUSED_VARIABLE = YES;
				IPHONEOS_DEPLOYMENT_TARGET = 7.1;
				SDKROOT = iphoneos;
				VALIDATE_PRODUCT = YES;
			};
			name = Release;
		};
		A4C2EDB719B6FF0F00D250A7 /* Debug */ = {
			isa = XCBuildConfiguration;
			buildSettings = {
				ASSETCATALOG_COMPILER_APPICON_NAME = AppIcon;
				ASSETCATALOG_COMPILER_LAUNCHIMAGE_NAME = LaunchImage;
				GCC_PRECOMPILE_PREFIX_HEADER = YES;
				GCC_PREFIX_HEADER = "Bullseye/Bullseye-Prefix.pch";
				INFOPLIST_FILE = "Bullseye/Bullseye-Info.plist";
				PRODUCT_NAME = "$(TARGET_NAME)";
				WRAPPER_EXTENSION = app;
			};
			name = Debug;
		};
		A4C2EDB819B6FF0F00D250A7 /* Release */ = {
			isa = XCBuildConfiguration;
			buildSettings = {
				ASSETCATALOG_COMPILER_APPICON_NAME = AppIcon;
				ASSETCATALOG_COMPILER_LAUNCHIMAGE_NAME = LaunchImage;
				GCC_PRECOMPILE_PREFIX_HEADER = YES;
				GCC_PREFIX_HEADER = "Bullseye/Bullseye-Prefix.pch";
				INFOPLIST_FILE = "Bullseye/Bullseye-Info.plist";
				PRODUCT_NAME = "$(TARGET_NAME)";
				WRAPPER_EXTENSION = app;
			};
			name = Release;
		};
		A4C2EDBA19B6FF0F00D250A7 /* Debug */ = {
			isa = XCBuildConfiguration;
			buildSettings = {
				BUNDLE_LOADER = "$(BUILT_PRODUCTS_DIR)/Bullseye.app/Bullseye";
				FRAMEWORK_SEARCH_PATHS = (
					"$(SDKROOT)/Developer/Library/Frameworks",
					"$(inherited)",
					"$(DEVELOPER_FRAMEWORKS_DIR)",
				);
				GCC_PRECOMPILE_PREFIX_HEADER = YES;
				GCC_PREFIX_HEADER = "Bullseye/Bullseye-Prefix.pch";
				GCC_PREPROCESSOR_DEFINITIONS = (
					"DEBUG=1",
					"$(inherited)",
				);
				INFOPLIST_FILE = "BullseyeTests/BullseyeTests-Info.plist";
				PRODUCT_NAME = "$(TARGET_NAME)";
				TEST_HOST = "$(BUNDLE_LOADER)";
				WRAPPER_EXTENSION = xctest;
			};
			name = Debug;
		};
		A4C2EDBB19B6FF0F00D250A7 /* Release */ = {
			isa = XCBuildConfiguration;
			buildSettings = {
				BUNDLE_LOADER = "$(BUILT_PRODUCTS_DIR)/Bullseye.app/Bullseye";
				FRAMEWORK_SEARCH_PATHS = (
					"$(SDKROOT)/Developer/Library/Frameworks",
					"$(inherited)",
					"$(DEVELOPER_FRAMEWORKS_DIR)",
				);
				GCC_PRECOMPILE_PREFIX_HEADER = YES;
				GCC_PREFIX_HEADER = "Bullseye/Bullseye-Prefix.pch";
				INFOPLIST_FILE = "BullseyeTests/BullseyeTests-Info.plist";
				PRODUCT_NAME = "$(TARGET_NAME)";
				TEST_HOST = "$(BUNDLE_LOADER)";
				WRAPPER_EXTENSION = xctest;
			};
			name = Release;
		};
/* End XCBuildConfiguration section */

/* Begin XCConfigurationList section */
		A4C2ED7F19B6FF0F00D250A7 /* Build configuration list for PBXProject "Bullseye" */ = {
			isa = XCConfigurationList;
			buildConfigurations = (
				A4C2EDB419B6FF0F00D250A7 /* Debug */,
				A4C2EDB519B6FF0F00D250A7 /* Release */,
			);
			defaultConfigurationIsVisible = 0;
			defaultConfigurationName = Release;
		};
		A4C2EDB619B6FF0F00D250A7 /* Build configuration list for PBXNativeTarget "Bullseye" */ = {
			isa = XCConfigurationList;
			buildConfigurations = (
				A4C2EDB719B6FF0F00D250A7 /* Debug */,
				A4C2EDB819B6FF0F00D250A7 /* Release */,
			);
			defaultConfigurationIsVisible = 0;
		};
		A4C2EDB919B6FF0F00D250A7 /* Build configuration list for PBXNativeTarget "BullseyeTests" */ = {
			isa = XCConfigurationList;
			buildConfigurations = (
				A4C2EDBA19B6FF0F00D250A7 /* Debug */,
				A4C2EDBB19B6FF0F00D250A7 /* Release */,
			);
			defaultConfigurationIsVisible = 0;
		};
/* End XCConfigurationList section */
	};
	rootObject = A4C2ED7C19B6FF0F00D250A7 /* Project object */;
}
